
Microsoft Visual Studio Solution File, Format Version 12.00
# Visual Studio Version 17
VisualStudioVersion = 17.8.34525.116
MinimumVisualStudioVersion = 10.0.40219.1
Project("{FAE04EC0-301F-11D3-BF4B-00C04F79EFBC}") = "PPThemeTwo", "PPThemeTwo\PPThemeTwo.csproj", "{59026054-1401-4DD9-A438-721675622948}"
EndProject
Global
	GlobalSection(SolutionConfigurationPlatforms) = preSolution
		Debug|Any CPU = Debug|Any CPU
		Release|Any CPU = Release|Any CPU
	EndGlobalSection
	GlobalSection(ProjectConfigurationPlatforms) = postSolution
		{59026054-1401-4DD9-A438-721675622948}.Debug|Any CPU.ActiveCfg = Debug|Any CPU
		{59026054-1401-4DD9-A438-721675622948}.Debug|Any CPU.Build.0 = Debug|Any CPU
		{59026054-1401-4DD9-A438-721675622948}.Release|Any CPU.ActiveCfg = Release|Any CPU
		{59026054-1401-4DD9-A438-721675622948}.Release|Any CPU.Build.0 = Release|Any CPU
	EndGlobalSection
	GlobalSection(SolutionProperties) = preSolution
		HideSolutionNode = FALSE
	EndGlobalSection
	GlobalSection(ExtensibilityGlobals) = postSolution
		SolutionGuid = {3583C523-DD0B-49CA-A6F1-8776231F0A93}
	EndGlobalSection
EndGlobal
