
Microsoft Visual Studio Solution File, Format Version 12.00
# Visual Studio Version 17
VisualStudioVersion = 17.8.34525.116
MinimumVisualStudioVersion = 10.0.40219.1
Project("{FAE04EC0-301F-11D3-BF4B-00C04F79EFBC}") = "DataGym", "DataGym\DataGym.csproj", "{5DC01DAC-4F9E-49CF-A74B-4FD15F64BE44}"
EndProject
Global
	GlobalSection(SolutionConfigurationPlatforms) = preSolution
		Debug|Any CPU = Debug|Any CPU
		Release|Any CPU = Release|Any CPU
	EndGlobalSection
	GlobalSection(ProjectConfigurationPlatforms) = postSolution
		{5DC01DAC-4F9E-49CF-A74B-4FD15F64BE44}.Debug|Any CPU.ActiveCfg = Debug|Any CPU
		{5DC01DAC-4F9E-49CF-A74B-4FD15F64BE44}.Debug|Any CPU.Build.0 = Debug|Any CPU
		{5DC01DAC-4F9E-49CF-A74B-4FD15F64BE44}.Release|Any CPU.ActiveCfg = Release|Any CPU
		{5DC01DAC-4F9E-49CF-A74B-4FD15F64BE44}.Release|Any CPU.Build.0 = Release|Any CPU
	EndGlobalSection
	GlobalSection(SolutionProperties) = preSolution
		HideSolutionNode = FALSE
	EndGlobalSection
	GlobalSection(ExtensibilityGlobals) = postSolution
		SolutionGuid = {DA50E9D8-D7EB-4174-AD26-EA98F93FAE06}
	EndGlobalSection
EndGlobal
